
Microsoft Visual Studio Solution File, Format Version 12.00
# Visual Studio Version 16
VisualStudioVersion = 16.0.32929.386
MinimumVisualStudioVersion = 10.0.40219.1
Project("{FAE04EC0-301F-11D3-BF4B-00C04F79EFBC}") = "Calendar", "Calendar\Calendar.csproj", "{65F38771-A690-4682-9C65-EC09E9E78FA3}"
EndProject
Global
	GlobalSection(SolutionConfigurationPlatforms) = preSolution
		Debug|Any CPU = Debug|Any CPU
		Release|Any CPU = Release|Any CPU
	EndGlobalSection
	GlobalSection(ProjectConfigurationPlatforms) = postSolution
		{65F38771-A690-4682-9C65-EC09E9E78FA3}.Debug|Any CPU.ActiveCfg = Debug|Any CPU
		{65F38771-A690-4682-9C65-EC09E9E78FA3}.Debug|Any CPU.Build.0 = Debug|Any CPU
		{65F38771-A690-4682-9C65-EC09E9E78FA3}.Release|Any CPU.ActiveCfg = Release|Any CPU
		{65F38771-A690-4682-9C65-EC09E9E78FA3}.Release|Any CPU.Build.0 = Release|Any CPU
	EndGlobalSection
	GlobalSection(SolutionProperties) = preSolution
		HideSolutionNode = FALSE
	EndGlobalSection
	GlobalSection(ExtensibilityGlobals) = postSolution
		SolutionGuid = {E4CCE3E4-E1A3-4BCA-BC2B-7F5B8BEFDC14}
	EndGlobalSection
EndGlobal
